
Microsoft Visual Studio Solution File, Format Version 12.00
# Visual Studio Version 16
VisualStudioVersion = 16.0.31025.194
MinimumVisualStudioVersion = 10.0.40219.1
Project("{FAE04EC0-301F-11D3-BF4B-00C04F79EFBC}") = "CsvParser.Web", "CsvParser.Web\CsvParser.Web.csproj", "{B303C8EE-6148-4DA8-9A59-D3E58FF8A8BC}"
EndProject
Project("{FAE04EC0-301F-11D3-BF4B-00C04F79EFBC}") = "CsvParser.Data", "CsvParser.Data\CsvParser.Data.csproj", "{9D10F557-A816-4A1F-A84D-8523BB70387A}"
EndProject
Global
	GlobalSection(SolutionConfigurationPlatforms) = preSolution
		Debug|Any CPU = Debug|Any CPU
		Release|Any CPU = Release|Any CPU
	EndGlobalSection
	GlobalSection(ProjectConfigurationPlatforms) = postSolution
		{B303C8EE-6148-4DA8-9A59-D3E58FF8A8BC}.Debug|Any CPU.ActiveCfg = Debug|Any CPU
		{B303C8EE-6148-4DA8-9A59-D3E58FF8A8BC}.Debug|Any CPU.Build.0 = Debug|Any CPU
		{B303C8EE-6148-4DA8-9A59-D3E58FF8A8BC}.Release|Any CPU.ActiveCfg = Release|Any CPU
		{B303C8EE-6148-4DA8-9A59-D3E58FF8A8BC}.Release|Any CPU.Build.0 = Release|Any CPU
		{9D10F557-A816-4A1F-A84D-8523BB70387A}.Debug|Any CPU.ActiveCfg = Debug|Any CPU
		{9D10F557-A816-4A1F-A84D-8523BB70387A}.Debug|Any CPU.Build.0 = Debug|Any CPU
		{9D10F557-A816-4A1F-A84D-8523BB70387A}.Release|Any CPU.ActiveCfg = Release|Any CPU
		{9D10F557-A816-4A1F-A84D-8523BB70387A}.Release|Any CPU.Build.0 = Release|Any CPU
	EndGlobalSection
	GlobalSection(SolutionProperties) = preSolution
		HideSolutionNode = FALSE
	EndGlobalSection
	GlobalSection(ExtensibilityGlobals) = postSolution
		SolutionGuid = {FEAFE20A-1516-4BF2-B336-8D1808644FD5}
	EndGlobalSection
EndGlobal
